
Microsoft Visual Studio Solution File, Format Version 12.00
# Visual Studio Version 17
VisualStudioVersion = 17.0.31903.59
MinimumVisualStudioVersion = 10.0.40219.1
Project("{2150E333-8FDC-42A3-9474-1A3956D46DE8}") = "src", "src", "{232149A4-F5F5-496B-A6C8-CDC7B96D2DCF}"
EndProject
Project("{FAE04EC0-301F-11D3-BF4B-00C04F79EFBC}") = "pos.api", "src\pos.api\pos.api.csproj", "{774B2501-B087-416E-BC86-B8C3BF496DD1}"
EndProject
Global
	GlobalSection(SolutionConfigurationPlatforms) = preSolution
		Debug|Any CPU = Debug|Any CPU
		Release|Any CPU = Release|Any CPU
	EndGlobalSection
	GlobalSection(SolutionProperties) = preSolution
		HideSolutionNode = FALSE
	EndGlobalSection
	GlobalSection(ProjectConfigurationPlatforms) = postSolution
		{774B2501-B087-416E-BC86-B8C3BF496DD1}.Debug|Any CPU.ActiveCfg = Debug|Any CPU
		{774B2501-B087-416E-BC86-B8C3BF496DD1}.Debug|Any CPU.Build.0 = Debug|Any CPU
		{774B2501-B087-416E-BC86-B8C3BF496DD1}.Release|Any CPU.ActiveCfg = Release|Any CPU
		{774B2501-B087-416E-BC86-B8C3BF496DD1}.Release|Any CPU.Build.0 = Release|Any CPU
	EndGlobalSection
	GlobalSection(NestedProjects) = preSolution
		{774B2501-B087-416E-BC86-B8C3BF496DD1} = {232149A4-F5F5-496B-A6C8-CDC7B96D2DCF}
	EndGlobalSection
EndGlobal
